
Microsoft Visual Studio Solution File, Format Version 12.00
# Visual Studio Version 17
VisualStudioVersion = 17.2.32630.192
MinimumVisualStudioVersion = 10.0.40219.1
Project("{9A19103F-16F7-4668-BE54-9A1E7A4F7556}") = "R5T.L0043", "R5T.L0043\R5T.L0043.csproj", "{0DD48DE6-AC51-4908-93F0-6317301D271F}"
EndProject
Global
	GlobalSection(SolutionConfigurationPlatforms) = preSolution
		Debug|Any CPU = Debug|Any CPU
		Release|Any CPU = Release|Any CPU
	EndGlobalSection
	GlobalSection(ProjectConfigurationPlatforms) = postSolution
		{0DD48DE6-AC51-4908-93F0-6317301D271F}.Debug|Any CPU.ActiveCfg = Debug|Any CPU
		{0DD48DE6-AC51-4908-93F0-6317301D271F}.Debug|Any CPU.Build.0 = Debug|Any CPU
		{0DD48DE6-AC51-4908-93F0-6317301D271F}.Release|Any CPU.ActiveCfg = Release|Any CPU
		{0DD48DE6-AC51-4908-93F0-6317301D271F}.Release|Any CPU.Build.0 = Release|Any CPU
	EndGlobalSection
	GlobalSection(SolutionProperties) = preSolution
		HideSolutionNode = FALSE
	EndGlobalSection
	GlobalSection(ExtensibilityGlobals) = postSolution
		SolutionGuid = {656C2172-F134-4D9D-97D5-B792829C6F0F}
	EndGlobalSection
EndGlobal
