
Microsoft Visual Studio Solution File, Format Version 12.00
# Visual Studio Version 17
VisualStudioVersion = 17.2.32630.192
MinimumVisualStudioVersion = 10.0.40219.1
Project("{9A19103F-16F7-4668-BE54-9A1E7A4F7556}") = "R5T.L0043", "R5T.L0043\R5T.L0043.csproj", "{615BD28F-981C-4409-A895-AA93BA4B0E54}"
EndProject
Project("{9A19103F-16F7-4668-BE54-9A1E7A4F7556}") = "R5T.L0043.T000", "R5T.L0043.T000\R5T.L0043.T000.csproj", "{3EAFB59D-479C-4C66-BD43-BD4A647C500F}"
EndProject
Project("{2150E333-8FDC-42A3-9474-1A3956D46DE8}") = "_Dependencies", "_Dependencies", "{8807449A-3070-424D-9E05-B57D9DEC560F}"
EndProject
Project("{9A19103F-16F7-4668-BE54-9A1E7A4F7556}") = "R5T.F0000", "..\..\R5T.F0000\source\R5T.F0000\R5T.F0000.csproj", "{11C1FBF0-C2A3-4B75-9096-9A45913785E4}"
EndProject
Project("{9A19103F-16F7-4668-BE54-9A1E7A4F7556}") = "R5T.F0002", "..\..\R5T.F0002\source\R5T.F0002\R5T.F0002.csproj", "{135415B0-8C22-4C63-A847-34E8B7FD166A}"
EndProject
Project("{9A19103F-16F7-4668-BE54-9A1E7A4F7556}") = "R5T.F0120", "..\..\R5T.F0120\source\R5T.F0120\R5T.F0120.csproj", "{43F187D4-FAB2-4E11-8005-842EF82EB2DD}"
EndProject
Project("{9A19103F-16F7-4668-BE54-9A1E7A4F7556}") = "R5T.F0124", "..\..\R5T.F0124\source\R5T.F0124\R5T.F0124.csproj", "{D8334F20-B844-4622-8C4F-162E4D8B7D23}"
EndProject
Project("{9A19103F-16F7-4668-BE54-9A1E7A4F7556}") = "R5T.F0125", "..\..\R5T.F0125\source\R5T.F0125\R5T.F0125.csproj", "{4948B5FE-B516-4AE2-BB02-98A85AF97522}"
EndProject
Project("{9A19103F-16F7-4668-BE54-9A1E7A4F7556}") = "R5T.L0030.T000", "..\..\R5T.L0030\source\R5T.L0030.T000\R5T.L0030.T000.csproj", "{7C9D2A1B-E575-4848-BEDB-764E67254BAA}"
EndProject
Project("{9A19103F-16F7-4668-BE54-9A1E7A4F7556}") = "R5T.L0030", "..\..\R5T.L0030\source\R5T.L0030\R5T.L0030.csproj", "{05603EB0-2B43-4020-BE91-055655CA24A8}"
EndProject
Project("{9A19103F-16F7-4668-BE54-9A1E7A4F7556}") = "R5T.L0034", "..\..\R5T.L0034\source\R5T.L0034\R5T.L0034.csproj", "{6AFDBDA3-8373-45DB-B38C-FFD0D0B1CE0D}"
EndProject
Project("{9A19103F-16F7-4668-BE54-9A1E7A4F7556}") = "R5T.L0035", "..\..\R5T.L0035\source\R5T.L0035\R5T.L0035.csproj", "{F95A9066-0589-4F43-8164-FD2C2FD4EF0C}"
EndProject
Project("{9A19103F-16F7-4668-BE54-9A1E7A4F7556}") = "R5T.T0131", "..\..\R5T.T0131\source\R5T.T0131\R5T.T0131.csproj", "{C886620A-5CEE-4B01-BCB7-AA978179A44D}"
EndProject
Project("{9A19103F-16F7-4668-BE54-9A1E7A4F7556}") = "R5T.T0132", "..\..\R5T.T0132\source\R5T.T0132\R5T.T0132.csproj", "{5295D823-B20B-42B7-A2EC-16CF953FEA82}"
EndProject
Project("{9A19103F-16F7-4668-BE54-9A1E7A4F7556}") = "R5T.T0142", "..\..\R5T.T0142\source\R5T.T0142\R5T.T0142.csproj", "{444D6567-1B2B-45E9-BA8C-CE114C40E5C7}"
EndProject
Project("{9A19103F-16F7-4668-BE54-9A1E7A4F7556}") = "R5T.T0143", "..\..\R5T.T0143\source\R5T.T0143\R5T.T0143.csproj", "{D382A2CC-33C2-4402-8B3B-1B778E762100}"
EndProject
Project("{9A19103F-16F7-4668-BE54-9A1E7A4F7556}") = "R5T.T0156", "..\..\R5T.T0156\source\R5T.T0156\R5T.T0156.csproj", "{1850810B-6578-4412-B6D0-6B04DA7858D6}"
EndProject
Project("{9A19103F-16F7-4668-BE54-9A1E7A4F7556}") = "R5T.T0174", "..\..\R5T.T0174\source\R5T.T0174\R5T.T0174.csproj", "{F3105168-EA90-4658-A0F2-B2622071F236}"
EndProject
Project("{9A19103F-16F7-4668-BE54-9A1E7A4F7556}") = "R5T.T0176", "..\..\R5T.T0176\source\R5T.T0176\R5T.T0176.csproj", "{54994E35-5C96-4F9A-8CD1-6D7F1EFB4030}"
EndProject
Project("{9A19103F-16F7-4668-BE54-9A1E7A4F7556}") = "R5T.T0177", "..\..\R5T.T0177\source\R5T.T0177\R5T.T0177.csproj", "{C5EA9CBE-6488-4442-A5A2-56D78A650641}"
EndProject
Project("{9A19103F-16F7-4668-BE54-9A1E7A4F7556}") = "R5T.T0178", "..\..\R5T.T0178\source\R5T.T0178\R5T.T0178.csproj", "{7C16BF25-CE82-4167-8D8A-AEE312488DA6}"
EndProject
Project("{9A19103F-16F7-4668-BE54-9A1E7A4F7556}") = "R5T.T0179", "..\..\R5T.T0179\source\R5T.T0179\R5T.T0179.csproj", "{04A8DADC-B032-4828-BC14-C4021EB8D558}"
EndProject
Project("{9A19103F-16F7-4668-BE54-9A1E7A4F7556}") = "R5T.T0180", "..\..\R5T.T0180\source\R5T.T0180\R5T.T0180.csproj", "{99926E82-38C1-424A-8CD6-69137A7D7C9E}"
EndProject
Project("{9A19103F-16F7-4668-BE54-9A1E7A4F7556}") = "R5T.T0181", "..\..\R5T.T0181\source\R5T.T0181\R5T.T0181.csproj", "{8CCD11C9-923D-4C95-9141-37A812E311AF}"
EndProject
Project("{9A19103F-16F7-4668-BE54-9A1E7A4F7556}") = "R5T.T0185", "..\..\R5T.T0185\source\R5T.T0185\R5T.T0185.csproj", "{87F9A5EF-701B-4EF8-A664-EE38B660E17C}"
EndProject
Project("{9A19103F-16F7-4668-BE54-9A1E7A4F7556}") = "R5T.Y0000", "..\..\R5T.Y0000\source\R5T.Y0000\R5T.Y0000.csproj", "{216234AF-24D2-40DF-86D1-FB24360828C6}"
EndProject
Project("{9A19103F-16F7-4668-BE54-9A1E7A4F7556}") = "R5T.Z0000", "..\..\R5T.Z0000\source\R5T.Z0000\R5T.Z0000.csproj", "{9E42BB9F-422B-47ED-92A2-DCB38B124BF2}"
EndProject
Project("{9A19103F-16F7-4668-BE54-9A1E7A4F7556}") = "R5T.L0043.F000", "R5T.L0043.F000\R5T.L0043.F000.csproj", "{DD907EAB-79A7-458B-BB91-77D2B3D87DB7}"
EndProject
Project("{9A19103F-16F7-4668-BE54-9A1E7A4F7556}") = "R5T.L0043.Z000", "R5T.L0043.Z000\R5T.L0043.Z000.csproj", "{92394F94-1786-4BB5-9E7D-9A7ADC133545}"
EndProject
Project("{9A19103F-16F7-4668-BE54-9A1E7A4F7556}") = "R5T.L0043.Z001", "R5T.L0043.Z001\R5T.L0043.Z001.csproj", "{40C66740-2855-4194-844D-F3799959DC44}"
EndProject
Project("{9A19103F-16F7-4668-BE54-9A1E7A4F7556}") = "R5T.L0043.S000", "R5T.L0043.S000\R5T.L0043.S000.csproj", "{E0B50E27-1ECE-4029-83F0-630261FB1F64}"
EndProject
Project("{9A19103F-16F7-4668-BE54-9A1E7A4F7556}") = "R5T.L0043.O001", "R5T.L0043.O001\R5T.L0043.O001.csproj", "{3459F3B6-F335-4351-9435-22E166BC7C98}"
EndProject
Project("{9A19103F-16F7-4668-BE54-9A1E7A4F7556}") = "R5T.L0043.Z002", "R5T.L0043.Z002\R5T.L0043.Z002.csproj", "{787D2EF7-4228-445F-AB70-1A756BFC6A62}"
EndProject
Project("{9A19103F-16F7-4668-BE54-9A1E7A4F7556}") = "R5T.Z0047", "..\..\R5T.Z0047\source\R5T.Z0047\R5T.Z0047.csproj", "{102C8FF1-4C4D-489F-8EAA-4BD0A4D5F33C}"
EndProject
Project("{9A19103F-16F7-4668-BE54-9A1E7A4F7556}") = "R5T.L0043.O002", "R5T.L0043.O002\R5T.L0043.O002.csproj", "{F880229E-343F-492E-9F56-C6FA548108F3}"
EndProject
Project("{9A19103F-16F7-4668-BE54-9A1E7A4F7556}") = "R5T.NG0022", "..\..\R5T.NG0022\source\R5T.NG0022\R5T.NG0022.csproj", "{5670146D-DD61-4A54-98A9-83BC1B13E55D}"
EndProject
Project("{9A19103F-16F7-4668-BE54-9A1E7A4F7556}") = "R5T.T0199", "..\..\R5T.T0199\source\R5T.T0199\R5T.T0199.csproj", "{36312F42-500A-4C2D-A397-B0E4772D6992}"
EndProject
Project("{9A19103F-16F7-4668-BE54-9A1E7A4F7556}") = "R5T.T0203", "..\..\R5T.T0203\source\R5T.T0203\R5T.T0203.csproj", "{579D93A4-DA90-4E11-9FF1-0309F95FEEE2}"
EndProject
Project("{9A19103F-16F7-4668-BE54-9A1E7A4F7556}") = "R5T.T0220", "..\..\R5T.T0220\source\R5T.T0220\R5T.T0220.csproj", "{4F7264F5-BC00-4444-B30E-593D9EA255D2}"
EndProject
Project("{9A19103F-16F7-4668-BE54-9A1E7A4F7556}") = "R5T.T0221", "..\..\R5T.T0221\source\R5T.T0221\R5T.T0221.csproj", "{B22751AC-C5E6-4AA7-93F8-901B1E75E77B}"
EndProject
Project("{9A19103F-16F7-4668-BE54-9A1E7A4F7556}") = "R5T.L0043.F001", "R5T.L0043.F001\R5T.L0043.F001.csproj", "{7A9AE24C-7789-43A9-A155-3CB9E83675B7}"
EndProject
Global
	GlobalSection(NestedProjects) = preSolution
		{11C1FBF0-C2A3-4B75-9096-9A45913785E4} = {8807449A-3070-424D-9E05-B57D9DEC560F}
		{135415B0-8C22-4C63-A847-34E8B7FD166A} = {8807449A-3070-424D-9E05-B57D9DEC560F}
		{43F187D4-FAB2-4E11-8005-842EF82EB2DD} = {8807449A-3070-424D-9E05-B57D9DEC560F}
		{D8334F20-B844-4622-8C4F-162E4D8B7D23} = {8807449A-3070-424D-9E05-B57D9DEC560F}
		{4948B5FE-B516-4AE2-BB02-98A85AF97522} = {8807449A-3070-424D-9E05-B57D9DEC560F}
		{7C9D2A1B-E575-4848-BEDB-764E67254BAA} = {8807449A-3070-424D-9E05-B57D9DEC560F}
		{05603EB0-2B43-4020-BE91-055655CA24A8} = {8807449A-3070-424D-9E05-B57D9DEC560F}
		{6AFDBDA3-8373-45DB-B38C-FFD0D0B1CE0D} = {8807449A-3070-424D-9E05-B57D9DEC560F}
		{F95A9066-0589-4F43-8164-FD2C2FD4EF0C} = {8807449A-3070-424D-9E05-B57D9DEC560F}
		{C886620A-5CEE-4B01-BCB7-AA978179A44D} = {8807449A-3070-424D-9E05-B57D9DEC560F}
		{5295D823-B20B-42B7-A2EC-16CF953FEA82} = {8807449A-3070-424D-9E05-B57D9DEC560F}
		{444D6567-1B2B-45E9-BA8C-CE114C40E5C7} = {8807449A-3070-424D-9E05-B57D9DEC560F}
		{D382A2CC-33C2-4402-8B3B-1B778E762100} = {8807449A-3070-424D-9E05-B57D9DEC560F}
		{1850810B-6578-4412-B6D0-6B04DA7858D6} = {8807449A-3070-424D-9E05-B57D9DEC560F}
		{F3105168-EA90-4658-A0F2-B2622071F236} = {8807449A-3070-424D-9E05-B57D9DEC560F}
		{54994E35-5C96-4F9A-8CD1-6D7F1EFB4030} = {8807449A-3070-424D-9E05-B57D9DEC560F}
		{C5EA9CBE-6488-4442-A5A2-56D78A650641} = {8807449A-3070-424D-9E05-B57D9DEC560F}
		{7C16BF25-CE82-4167-8D8A-AEE312488DA6} = {8807449A-3070-424D-9E05-B57D9DEC560F}
		{04A8DADC-B032-4828-BC14-C4021EB8D558} = {8807449A-3070-424D-9E05-B57D9DEC560F}
		{99926E82-38C1-424A-8CD6-69137A7D7C9E} = {8807449A-3070-424D-9E05-B57D9DEC560F}
		{8CCD11C9-923D-4C95-9141-37A812E311AF} = {8807449A-3070-424D-9E05-B57D9DEC560F}
		{87F9A5EF-701B-4EF8-A664-EE38B660E17C} = {8807449A-3070-424D-9E05-B57D9DEC560F}
		{216234AF-24D2-40DF-86D1-FB24360828C6} = {8807449A-3070-424D-9E05-B57D9DEC560F}
		{9E42BB9F-422B-47ED-92A2-DCB38B124BF2} = {8807449A-3070-424D-9E05-B57D9DEC560F}
		{102C8FF1-4C4D-489F-8EAA-4BD0A4D5F33C} = {8807449A-3070-424D-9E05-B57D9DEC560F}
		{5670146D-DD61-4A54-98A9-83BC1B13E55D} = {8807449A-3070-424D-9E05-B57D9DEC560F}
		{36312F42-500A-4C2D-A397-B0E4772D6992} = {8807449A-3070-424D-9E05-B57D9DEC560F}
		{579D93A4-DA90-4E11-9FF1-0309F95FEEE2} = {8807449A-3070-424D-9E05-B57D9DEC560F}
		{4F7264F5-BC00-4444-B30E-593D9EA255D2} = {8807449A-3070-424D-9E05-B57D9DEC560F}
		{B22751AC-C5E6-4AA7-93F8-901B1E75E77B} = {8807449A-3070-424D-9E05-B57D9DEC560F}
	EndGlobalSection
	GlobalSection(SolutionConfigurationPlatforms) = preSolution
		Debug|Any CPU = Debug|Any CPU
		Release|Any CPU = Release|Any CPU
	EndGlobalSection
	GlobalSection(ProjectConfigurationPlatforms) = postSolution
		{615BD28F-981C-4409-A895-AA93BA4B0E54}.Debug|Any CPU.ActiveCfg = Debug|Any CPU
		{615BD28F-981C-4409-A895-AA93BA4B0E54}.Debug|Any CPU.Build.0 = Debug|Any CPU
		{615BD28F-981C-4409-A895-AA93BA4B0E54}.Release|Any CPU.ActiveCfg = Release|Any CPU
		{615BD28F-981C-4409-A895-AA93BA4B0E54}.Release|Any CPU.Build.0 = Release|Any CPU
		{3EAFB59D-479C-4C66-BD43-BD4A647C500F}.Debug|Any CPU.ActiveCfg = Debug|Any CPU
		{3EAFB59D-479C-4C66-BD43-BD4A647C500F}.Debug|Any CPU.Build.0 = Debug|Any CPU
		{3EAFB59D-479C-4C66-BD43-BD4A647C500F}.Release|Any CPU.ActiveCfg = Release|Any CPU
		{3EAFB59D-479C-4C66-BD43-BD4A647C500F}.Release|Any CPU.Build.0 = Release|Any CPU
		{11C1FBF0-C2A3-4B75-9096-9A45913785E4}.Debug|Any CPU.ActiveCfg = Debug|Any CPU
		{11C1FBF0-C2A3-4B75-9096-9A45913785E4}.Debug|Any CPU.Build.0 = Debug|Any CPU
		{11C1FBF0-C2A3-4B75-9096-9A45913785E4}.Release|Any CPU.ActiveCfg = Release|Any CPU
		{11C1FBF0-C2A3-4B75-9096-9A45913785E4}.Release|Any CPU.Build.0 = Release|Any CPU
		{135415B0-8C22-4C63-A847-34E8B7FD166A}.Debug|Any CPU.ActiveCfg = Debug|Any CPU
		{135415B0-8C22-4C63-A847-34E8B7FD166A}.Debug|Any CPU.Build.0 = Debug|Any CPU
		{135415B0-8C22-4C63-A847-34E8B7FD166A}.Release|Any CPU.ActiveCfg = Release|Any CPU
		{135415B0-8C22-4C63-A847-34E8B7FD166A}.Release|Any CPU.Build.0 = Release|Any CPU
		{43F187D4-FAB2-4E11-8005-842EF82EB2DD}.Debug|Any CPU.ActiveCfg = Debug|Any CPU
		{43F187D4-FAB2-4E11-8005-842EF82EB2DD}.Debug|Any CPU.Build.0 = Debug|Any CPU
		{43F187D4-FAB2-4E11-8005-842EF82EB2DD}.Release|Any CPU.ActiveCfg = Release|Any CPU
		{43F187D4-FAB2-4E11-8005-842EF82EB2DD}.Release|Any CPU.Build.0 = Release|Any CPU
		{D8334F20-B844-4622-8C4F-162E4D8B7D23}.Debug|Any CPU.ActiveCfg = Debug|Any CPU
		{D8334F20-B844-4622-8C4F-162E4D8B7D23}.Debug|Any CPU.Build.0 = Debug|Any CPU
		{D8334F20-B844-4622-8C4F-162E4D8B7D23}.Release|Any CPU.ActiveCfg = Release|Any CPU
		{D8334F20-B844-4622-8C4F-162E4D8B7D23}.Release|Any CPU.Build.0 = Release|Any CPU
		{4948B5FE-B516-4AE2-BB02-98A85AF97522}.Debug|Any CPU.ActiveCfg = Debug|Any CPU
		{4948B5FE-B516-4AE2-BB02-98A85AF97522}.Debug|Any CPU.Build.0 = Debug|Any CPU
		{4948B5FE-B516-4AE2-BB02-98A85AF97522}.Release|Any CPU.ActiveCfg = Release|Any CPU
		{4948B5FE-B516-4AE2-BB02-98A85AF97522}.Release|Any CPU.Build.0 = Release|Any CPU
		{7C9D2A1B-E575-4848-BEDB-764E67254BAA}.Debug|Any CPU.ActiveCfg = Debug|Any CPU
		{7C9D2A1B-E575-4848-BEDB-764E67254BAA}.Debug|Any CPU.Build.0 = Debug|Any CPU
		{7C9D2A1B-E575-4848-BEDB-764E67254BAA}.Release|Any CPU.ActiveCfg = Release|Any CPU
		{7C9D2A1B-E575-4848-BEDB-764E67254BAA}.Release|Any CPU.Build.0 = Release|Any CPU
		{05603EB0-2B43-4020-BE91-055655CA24A8}.Debug|Any CPU.ActiveCfg = Debug|Any CPU
		{05603EB0-2B43-4020-BE91-055655CA24A8}.Debug|Any CPU.Build.0 = Debug|Any CPU
		{05603EB0-2B43-4020-BE91-055655CA24A8}.Release|Any CPU.ActiveCfg = Release|Any CPU
		{05603EB0-2B43-4020-BE91-055655CA24A8}.Release|Any CPU.Build.0 = Release|Any CPU
		{6AFDBDA3-8373-45DB-B38C-FFD0D0B1CE0D}.Debug|Any CPU.ActiveCfg = Debug|Any CPU
		{6AFDBDA3-8373-45DB-B38C-FFD0D0B1CE0D}.Debug|Any CPU.Build.0 = Debug|Any CPU
		{6AFDBDA3-8373-45DB-B38C-FFD0D0B1CE0D}.Release|Any CPU.ActiveCfg = Release|Any CPU
		{6AFDBDA3-8373-45DB-B38C-FFD0D0B1CE0D}.Release|Any CPU.Build.0 = Release|Any CPU
		{F95A9066-0589-4F43-8164-FD2C2FD4EF0C}.Debug|Any CPU.ActiveCfg = Debug|Any CPU
		{F95A9066-0589-4F43-8164-FD2C2FD4EF0C}.Debug|Any CPU.Build.0 = Debug|Any CPU
		{F95A9066-0589-4F43-8164-FD2C2FD4EF0C}.Release|Any CPU.ActiveCfg = Release|Any CPU
		{F95A9066-0589-4F43-8164-FD2C2FD4EF0C}.Release|Any CPU.Build.0 = Release|Any CPU
		{C886620A-5CEE-4B01-BCB7-AA978179A44D}.Debug|Any CPU.ActiveCfg = Debug|Any CPU
		{C886620A-5CEE-4B01-BCB7-AA978179A44D}.Debug|Any CPU.Build.0 = Debug|Any CPU
		{C886620A-5CEE-4B01-BCB7-AA978179A44D}.Release|Any CPU.ActiveCfg = Release|Any CPU
		{C886620A-5CEE-4B01-BCB7-AA978179A44D}.Release|Any CPU.Build.0 = Release|Any CPU
		{5295D823-B20B-42B7-A2EC-16CF953FEA82}.Debug|Any CPU.ActiveCfg = Debug|Any CPU
		{5295D823-B20B-42B7-A2EC-16CF953FEA82}.Debug|Any CPU.Build.0 = Debug|Any CPU
		{5295D823-B20B-42B7-A2EC-16CF953FEA82}.Release|Any CPU.ActiveCfg = Release|Any CPU
		{5295D823-B20B-42B7-A2EC-16CF953FEA82}.Release|Any CPU.Build.0 = Release|Any CPU
		{444D6567-1B2B-45E9-BA8C-CE114C40E5C7}.Debug|Any CPU.ActiveCfg = Debug|Any CPU
		{444D6567-1B2B-45E9-BA8C-CE114C40E5C7}.Debug|Any CPU.Build.0 = Debug|Any CPU
		{444D6567-1B2B-45E9-BA8C-CE114C40E5C7}.Release|Any CPU.ActiveCfg = Release|Any CPU
		{444D6567-1B2B-45E9-BA8C-CE114C40E5C7}.Release|Any CPU.Build.0 = Release|Any CPU
		{D382A2CC-33C2-4402-8B3B-1B778E762100}.Debug|Any CPU.ActiveCfg = Debug|Any CPU
		{D382A2CC-33C2-4402-8B3B-1B778E762100}.Debug|Any CPU.Build.0 = Debug|Any CPU
		{D382A2CC-33C2-4402-8B3B-1B778E762100}.Release|Any CPU.ActiveCfg = Release|Any CPU
		{D382A2CC-33C2-4402-8B3B-1B778E762100}.Release|Any CPU.Build.0 = Release|Any CPU
		{1850810B-6578-4412-B6D0-6B04DA7858D6}.Debug|Any CPU.ActiveCfg = Debug|Any CPU
		{1850810B-6578-4412-B6D0-6B04DA7858D6}.Debug|Any CPU.Build.0 = Debug|Any CPU
		{1850810B-6578-4412-B6D0-6B04DA7858D6}.Release|Any CPU.ActiveCfg = Release|Any CPU
		{1850810B-6578-4412-B6D0-6B04DA7858D6}.Release|Any CPU.Build.0 = Release|Any CPU
		{F3105168-EA90-4658-A0F2-B2622071F236}.Debug|Any CPU.ActiveCfg = Debug|Any CPU
		{F3105168-EA90-4658-A0F2-B2622071F236}.Debug|Any CPU.Build.0 = Debug|Any CPU
		{F3105168-EA90-4658-A0F2-B2622071F236}.Release|Any CPU.ActiveCfg = Release|Any CPU
		{F3105168-EA90-4658-A0F2-B2622071F236}.Release|Any CPU.Build.0 = Release|Any CPU
		{54994E35-5C96-4F9A-8CD1-6D7F1EFB4030}.Debug|Any CPU.ActiveCfg = Debug|Any CPU
		{54994E35-5C96-4F9A-8CD1-6D7F1EFB4030}.Debug|Any CPU.Build.0 = Debug|Any CPU
		{54994E35-5C96-4F9A-8CD1-6D7F1EFB4030}.Release|Any CPU.ActiveCfg = Release|Any CPU
		{54994E35-5C96-4F9A-8CD1-6D7F1EFB4030}.Release|Any CPU.Build.0 = Release|Any CPU
		{C5EA9CBE-6488-4442-A5A2-56D78A650641}.Debug|Any CPU.ActiveCfg = Debug|Any CPU
		{C5EA9CBE-6488-4442-A5A2-56D78A650641}.Debug|Any CPU.Build.0 = Debug|Any CPU
		{C5EA9CBE-6488-4442-A5A2-56D78A650641}.Release|Any CPU.ActiveCfg = Release|Any CPU
		{C5EA9CBE-6488-4442-A5A2-56D78A650641}.Release|Any CPU.Build.0 = Release|Any CPU
		{7C16BF25-CE82-4167-8D8A-AEE312488DA6}.Debug|Any CPU.ActiveCfg = Debug|Any CPU
		{7C16BF25-CE82-4167-8D8A-AEE312488DA6}.Debug|Any CPU.Build.0 = Debug|Any CPU
		{7C16BF25-CE82-4167-8D8A-AEE312488DA6}.Release|Any CPU.ActiveCfg = Release|Any CPU
		{7C16BF25-CE82-4167-8D8A-AEE312488DA6}.Release|Any CPU.Build.0 = Release|Any CPU
		{04A8DADC-B032-4828-BC14-C4021EB8D558}.Debug|Any CPU.ActiveCfg = Debug|Any CPU
		{04A8DADC-B032-4828-BC14-C4021EB8D558}.Debug|Any CPU.Build.0 = Debug|Any CPU
		{04A8DADC-B032-4828-BC14-C4021EB8D558}.Release|Any CPU.ActiveCfg = Release|Any CPU
		{04A8DADC-B032-4828-BC14-C4021EB8D558}.Release|Any CPU.Build.0 = Release|Any CPU
		{99926E82-38C1-424A-8CD6-69137A7D7C9E}.Debug|Any CPU.ActiveCfg = Debug|Any CPU
		{99926E82-38C1-424A-8CD6-69137A7D7C9E}.Debug|Any CPU.Build.0 = Debug|Any CPU
		{99926E82-38C1-424A-8CD6-69137A7D7C9E}.Release|Any CPU.ActiveCfg = Release|Any CPU
		{99926E82-38C1-424A-8CD6-69137A7D7C9E}.Release|Any CPU.Build.0 = Release|Any CPU
		{8CCD11C9-923D-4C95-9141-37A812E311AF}.Debug|Any CPU.ActiveCfg = Debug|Any CPU
		{8CCD11C9-923D-4C95-9141-37A812E311AF}.Debug|Any CPU.Build.0 = Debug|Any CPU
		{8CCD11C9-923D-4C95-9141-37A812E311AF}.Release|Any CPU.ActiveCfg = Release|Any CPU
		{8CCD11C9-923D-4C95-9141-37A812E311AF}.Release|Any CPU.Build.0 = Release|Any CPU
		{87F9A5EF-701B-4EF8-A664-EE38B660E17C}.Debug|Any CPU.ActiveCfg = Debug|Any CPU
		{87F9A5EF-701B-4EF8-A664-EE38B660E17C}.Debug|Any CPU.Build.0 = Debug|Any CPU
		{87F9A5EF-701B-4EF8-A664-EE38B660E17C}.Release|Any CPU.ActiveCfg = Release|Any CPU
		{87F9A5EF-701B-4EF8-A664-EE38B660E17C}.Release|Any CPU.Build.0 = Release|Any CPU
		{216234AF-24D2-40DF-86D1-FB24360828C6}.Debug|Any CPU.ActiveCfg = Debug|Any CPU
		{216234AF-24D2-40DF-86D1-FB24360828C6}.Debug|Any CPU.Build.0 = Debug|Any CPU
		{216234AF-24D2-40DF-86D1-FB24360828C6}.Release|Any CPU.ActiveCfg = Release|Any CPU
		{216234AF-24D2-40DF-86D1-FB24360828C6}.Release|Any CPU.Build.0 = Release|Any CPU
		{9E42BB9F-422B-47ED-92A2-DCB38B124BF2}.Debug|Any CPU.ActiveCfg = Debug|Any CPU
		{9E42BB9F-422B-47ED-92A2-DCB38B124BF2}.Debug|Any CPU.Build.0 = Debug|Any CPU
		{9E42BB9F-422B-47ED-92A2-DCB38B124BF2}.Release|Any CPU.ActiveCfg = Release|Any CPU
		{9E42BB9F-422B-47ED-92A2-DCB38B124BF2}.Release|Any CPU.Build.0 = Release|Any CPU
		{DD907EAB-79A7-458B-BB91-77D2B3D87DB7}.Debug|Any CPU.ActiveCfg = Debug|Any CPU
		{DD907EAB-79A7-458B-BB91-77D2B3D87DB7}.Debug|Any CPU.Build.0 = Debug|Any CPU
		{DD907EAB-79A7-458B-BB91-77D2B3D87DB7}.Release|Any CPU.ActiveCfg = Release|Any CPU
		{DD907EAB-79A7-458B-BB91-77D2B3D87DB7}.Release|Any CPU.Build.0 = Release|Any CPU
		{92394F94-1786-4BB5-9E7D-9A7ADC133545}.Debug|Any CPU.ActiveCfg = Debug|Any CPU
		{92394F94-1786-4BB5-9E7D-9A7ADC133545}.Debug|Any CPU.Build.0 = Debug|Any CPU
		{92394F94-1786-4BB5-9E7D-9A7ADC133545}.Release|Any CPU.ActiveCfg = Release|Any CPU
		{92394F94-1786-4BB5-9E7D-9A7ADC133545}.Release|Any CPU.Build.0 = Release|Any CPU
		{40C66740-2855-4194-844D-F3799959DC44}.Debug|Any CPU.ActiveCfg = Debug|Any CPU
		{40C66740-2855-4194-844D-F3799959DC44}.Debug|Any CPU.Build.0 = Debug|Any CPU
		{40C66740-2855-4194-844D-F3799959DC44}.Release|Any CPU.ActiveCfg = Release|Any CPU
		{40C66740-2855-4194-844D-F3799959DC44}.Release|Any CPU.Build.0 = Release|Any CPU
		{E0B50E27-1ECE-4029-83F0-630261FB1F64}.Debug|Any CPU.ActiveCfg = Debug|Any CPU
		{E0B50E27-1ECE-4029-83F0-630261FB1F64}.Debug|Any CPU.Build.0 = Debug|Any CPU
		{E0B50E27-1ECE-4029-83F0-630261FB1F64}.Release|Any CPU.ActiveCfg = Release|Any CPU
		{E0B50E27-1ECE-4029-83F0-630261FB1F64}.Release|Any CPU.Build.0 = Release|Any CPU
		{3459F3B6-F335-4351-9435-22E166BC7C98}.Debug|Any CPU.ActiveCfg = Debug|Any CPU
		{3459F3B6-F335-4351-9435-22E166BC7C98}.Debug|Any CPU.Build.0 = Debug|Any CPU
		{3459F3B6-F335-4351-9435-22E166BC7C98}.Release|Any CPU.ActiveCfg = Release|Any CPU
		{3459F3B6-F335-4351-9435-22E166BC7C98}.Release|Any CPU.Build.0 = Release|Any CPU
		{787D2EF7-4228-445F-AB70-1A756BFC6A62}.Debug|Any CPU.ActiveCfg = Debug|Any CPU
		{787D2EF7-4228-445F-AB70-1A756BFC6A62}.Debug|Any CPU.Build.0 = Debug|Any CPU
		{787D2EF7-4228-445F-AB70-1A756BFC6A62}.Release|Any CPU.ActiveCfg = Release|Any CPU
		{787D2EF7-4228-445F-AB70-1A756BFC6A62}.Release|Any CPU.Build.0 = Release|Any CPU
		{102C8FF1-4C4D-489F-8EAA-4BD0A4D5F33C}.Debug|Any CPU.ActiveCfg = Debug|Any CPU
		{102C8FF1-4C4D-489F-8EAA-4BD0A4D5F33C}.Debug|Any CPU.Build.0 = Debug|Any CPU
		{102C8FF1-4C4D-489F-8EAA-4BD0A4D5F33C}.Release|Any CPU.ActiveCfg = Release|Any CPU
		{102C8FF1-4C4D-489F-8EAA-4BD0A4D5F33C}.Release|Any CPU.Build.0 = Release|Any CPU
		{F880229E-343F-492E-9F56-C6FA548108F3}.Debug|Any CPU.ActiveCfg = Debug|Any CPU
		{F880229E-343F-492E-9F56-C6FA548108F3}.Debug|Any CPU.Build.0 = Debug|Any CPU
		{F880229E-343F-492E-9F56-C6FA548108F3}.Release|Any CPU.ActiveCfg = Release|Any CPU
		{F880229E-343F-492E-9F56-C6FA548108F3}.Release|Any CPU.Build.0 = Release|Any CPU
		{5670146D-DD61-4A54-98A9-83BC1B13E55D}.Debug|Any CPU.ActiveCfg = Debug|Any CPU
		{5670146D-DD61-4A54-98A9-83BC1B13E55D}.Debug|Any CPU.Build.0 = Debug|Any CPU
		{5670146D-DD61-4A54-98A9-83BC1B13E55D}.Release|Any CPU.ActiveCfg = Release|Any CPU
		{5670146D-DD61-4A54-98A9-83BC1B13E55D}.Release|Any CPU.Build.0 = Release|Any CPU
		{36312F42-500A-4C2D-A397-B0E4772D6992}.Debug|Any CPU.ActiveCfg = Debug|Any CPU
		{36312F42-500A-4C2D-A397-B0E4772D6992}.Debug|Any CPU.Build.0 = Debug|Any CPU
		{36312F42-500A-4C2D-A397-B0E4772D6992}.Release|Any CPU.ActiveCfg = Release|Any CPU
		{36312F42-500A-4C2D-A397-B0E4772D6992}.Release|Any CPU.Build.0 = Release|Any CPU
		{579D93A4-DA90-4E11-9FF1-0309F95FEEE2}.Debug|Any CPU.ActiveCfg = Debug|Any CPU
		{579D93A4-DA90-4E11-9FF1-0309F95FEEE2}.Debug|Any CPU.Build.0 = Debug|Any CPU
		{579D93A4-DA90-4E11-9FF1-0309F95FEEE2}.Release|Any CPU.ActiveCfg = Release|Any CPU
		{579D93A4-DA90-4E11-9FF1-0309F95FEEE2}.Release|Any CPU.Build.0 = Release|Any CPU
		{4F7264F5-BC00-4444-B30E-593D9EA255D2}.Debug|Any CPU.ActiveCfg = Debug|Any CPU
		{4F7264F5-BC00-4444-B30E-593D9EA255D2}.Debug|Any CPU.Build.0 = Debug|Any CPU
		{4F7264F5-BC00-4444-B30E-593D9EA255D2}.Release|Any CPU.ActiveCfg = Release|Any CPU
		{4F7264F5-BC00-4444-B30E-593D9EA255D2}.Release|Any CPU.Build.0 = Release|Any CPU
		{B22751AC-C5E6-4AA7-93F8-901B1E75E77B}.Debug|Any CPU.ActiveCfg = Debug|Any CPU
		{B22751AC-C5E6-4AA7-93F8-901B1E75E77B}.Debug|Any CPU.Build.0 = Debug|Any CPU
		{B22751AC-C5E6-4AA7-93F8-901B1E75E77B}.Release|Any CPU.ActiveCfg = Release|Any CPU
		{B22751AC-C5E6-4AA7-93F8-901B1E75E77B}.Release|Any CPU.Build.0 = Release|Any CPU
		{7A9AE24C-7789-43A9-A155-3CB9E83675B7}.Debug|Any CPU.ActiveCfg = Debug|Any CPU
		{7A9AE24C-7789-43A9-A155-3CB9E83675B7}.Debug|Any CPU.Build.0 = Debug|Any CPU
		{7A9AE24C-7789-43A9-A155-3CB9E83675B7}.Release|Any CPU.ActiveCfg = Release|Any CPU
		{7A9AE24C-7789-43A9-A155-3CB9E83675B7}.Release|Any CPU.Build.0 = Release|Any CPU
	EndGlobalSection
	GlobalSection(SolutionProperties) = preSolution
		HideSolutionNode = FALSE
	EndGlobalSection
	GlobalSection(ExtensibilityGlobals) = postSolution
		SolutionGuid = {804C9A16-9D90-4F38-97CB-6ED4FF73DF7E}
	EndGlobalSection
EndGlobal
